
Microsoft Visual Studio Solution File, Format Version 12.00
# Visual Studio 15
VisualStudioVersion = 15.0.27703.2042
MinimumVisualStudioVersion = 10.0.40219.1
Project("{FAE04EC0-301F-11D3-BF4B-00C04F79EFBC}") = "LoggingMiddleware", "LoggingMiddleware\LoggingMiddleware.csproj", "{6800CC02-856E-4B9D-8C70-95D3373149CF}"
EndProject
Global
	GlobalSection(SolutionConfigurationPlatforms) = preSolution
		Debug|Any CPU = Debug|Any CPU
		Release|Any CPU = Release|Any CPU
	EndGlobalSection
	GlobalSection(ProjectConfigurationPlatforms) = postSolution
		{6800CC02-856E-4B9D-8C70-95D3373149CF}.Debug|Any CPU.ActiveCfg = Debug|Any CPU
		{6800CC02-856E-4B9D-8C70-95D3373149CF}.Debug|Any CPU.Build.0 = Debug|Any CPU
		{6800CC02-856E-4B9D-8C70-95D3373149CF}.Release|Any CPU.ActiveCfg = Release|Any CPU
		{6800CC02-856E-4B9D-8C70-95D3373149CF}.Release|Any CPU.Build.0 = Release|Any CPU
	EndGlobalSection
	GlobalSection(SolutionProperties) = preSolution
		HideSolutionNode = FALSE
	EndGlobalSection
	GlobalSection(ExtensibilityGlobals) = postSolution
		SolutionGuid = {85A7787A-F417-41BB-9614-66E661014387}
	EndGlobalSection
EndGlobal
